
Microsoft Visual Studio Solution File, Format Version 12.00
# Visual Studio 15
VisualStudioVersion = 15.0.27130.2027
MinimumVisualStudioVersion = 10.0.40219.1
Project("{FAE04EC0-301F-11D3-BF4B-00C04F79EFBC}") = "ProjectEuler", "ProjectEuler\ProjectEuler.csproj", "{3A98084C-E731-483D-B49F-23A1DA30426B}"
EndProject
Global
	GlobalSection(SolutionConfigurationPlatforms) = preSolution
		Debug|Any CPU = Debug|Any CPU
		Release|Any CPU = Release|Any CPU
	EndGlobalSection
	GlobalSection(ProjectConfigurationPlatforms) = postSolution
		{3A98084C-E731-483D-B49F-23A1DA30426B}.Debug|Any CPU.ActiveCfg = Debug|Any CPU
		{3A98084C-E731-483D-B49F-23A1DA30426B}.Debug|Any CPU.Build.0 = Debug|Any CPU
		{3A98084C-E731-483D-B49F-23A1DA30426B}.Release|Any CPU.ActiveCfg = Release|Any CPU
		{3A98084C-E731-483D-B49F-23A1DA30426B}.Release|Any CPU.Build.0 = Release|Any CPU
	EndGlobalSection
	GlobalSection(SolutionProperties) = preSolution
		HideSolutionNode = FALSE
	EndGlobalSection
	GlobalSection(ExtensibilityGlobals) = postSolution
		SolutionGuid = {8D9ABBE9-97FE-4C23-A8B7-68E6421CC036}
	EndGlobalSection
EndGlobal
